
Microsoft Visual Studio Solution File, Format Version 12.00
# Visual Studio Version 17
VisualStudioVersion = 17.3.32819.101
MinimumVisualStudioVersion = 10.0.40219.1
Project("{FAE04EC0-301F-11D3-BF4B-00C04F79EFBC}") = "UserPointsApiBackend", "UserPointsApiBackend\UserPointsApiBackend.csproj", "{28A0DF0A-5141-4FBD-A9E0-223C275DFF10}"
EndProject
Global
	GlobalSection(SolutionConfigurationPlatforms) = preSolution
		Debug|Any CPU = Debug|Any CPU
		Release|Any CPU = Release|Any CPU
	EndGlobalSection
	GlobalSection(ProjectConfigurationPlatforms) = postSolution
		{28A0DF0A-5141-4FBD-A9E0-223C275DFF10}.Debug|Any CPU.ActiveCfg = Debug|Any CPU
		{28A0DF0A-5141-4FBD-A9E0-223C275DFF10}.Debug|Any CPU.Build.0 = Debug|Any CPU
		{28A0DF0A-5141-4FBD-A9E0-223C275DFF10}.Release|Any CPU.ActiveCfg = Release|Any CPU
		{28A0DF0A-5141-4FBD-A9E0-223C275DFF10}.Release|Any CPU.Build.0 = Release|Any CPU
	EndGlobalSection
	GlobalSection(SolutionProperties) = preSolution
		HideSolutionNode = FALSE
	EndGlobalSection
	GlobalSection(ExtensibilityGlobals) = postSolution
		SolutionGuid = {A9D0F096-05DE-4F7B-84BB-9C69467D95BC}
	EndGlobalSection
EndGlobal
